
Microsoft Visual Studio Solution File, Format Version 12.00
# Visual Studio Version 16
VisualStudioVersion = 16.0.31729.503
MinimumVisualStudioVersion = 10.0.40219.1
Project("{FAE04EC0-301F-11D3-BF4B-00C04F79EFBC}") = "DBMS_BookStore", "DBMS_BookStore\DBMS_BookStore.csproj", "{6474E152-4411-455B-A6D2-24B5FB34C359}"
EndProject
Global
	GlobalSection(SolutionConfigurationPlatforms) = preSolution
		Debug|Any CPU = Debug|Any CPU
		Release|Any CPU = Release|Any CPU
	EndGlobalSection
	GlobalSection(ProjectConfigurationPlatforms) = postSolution
		{6474E152-4411-455B-A6D2-24B5FB34C359}.Debug|Any CPU.ActiveCfg = Debug|Any CPU
		{6474E152-4411-455B-A6D2-24B5FB34C359}.Debug|Any CPU.Build.0 = Debug|Any CPU
		{6474E152-4411-455B-A6D2-24B5FB34C359}.Release|Any CPU.ActiveCfg = Release|Any CPU
		{6474E152-4411-455B-A6D2-24B5FB34C359}.Release|Any CPU.Build.0 = Release|Any CPU
	EndGlobalSection
	GlobalSection(SolutionProperties) = preSolution
		HideSolutionNode = FALSE
	EndGlobalSection
	GlobalSection(ExtensibilityGlobals) = postSolution
		SolutionGuid = {03C4A64A-3E24-4502-B3B3-536AD631EA25}
	EndGlobalSection
EndGlobal
